
Microsoft Visual Studio Solution File, Format Version 11.00
# Visual Studio 2010
Project("{FAE04EC0-301F-11D3-BF4B-00C04F79EFBC}") = "Assembly-CSharp", "Assembly-CSharp.csproj", "{447eb753-f409-5943-bf5f-c40885f6b1e1}"
EndProject
Project("{FAE04EC0-301F-11D3-BF4B-00C04F79EFBC}") = "AimingRig", "AimingRig.csproj", "{d831e338-ef8a-99e5-f62e-f7bdaec2c064}"
EndProject
Project("{FAE04EC0-301F-11D3-BF4B-00C04F79EFBC}") = "Assembly-CSharp-firstpass", "Assembly-CSharp-firstpass.csproj", "{9e151b34-1206-0743-511d-cfff081b695c}"
EndProject
Global
	GlobalSection(SolutionConfigurationPlatforms) = preSolution
		Debug|Any CPU = Debug|Any CPU
	EndGlobalSection
	GlobalSection(ProjectConfigurationPlatforms) = postSolution
		{447eb753-f409-5943-bf5f-c40885f6b1e1}.Debug|Any CPU.ActiveCfg = Debug|Any CPU
		{447eb753-f409-5943-bf5f-c40885f6b1e1}.Debug|Any CPU.Build.0 = Debug|Any CPU
		{d831e338-ef8a-99e5-f62e-f7bdaec2c064}.Debug|Any CPU.ActiveCfg = Debug|Any CPU
		{d831e338-ef8a-99e5-f62e-f7bdaec2c064}.Debug|Any CPU.Build.0 = Debug|Any CPU
		{9e151b34-1206-0743-511d-cfff081b695c}.Debug|Any CPU.ActiveCfg = Debug|Any CPU
		{9e151b34-1206-0743-511d-cfff081b695c}.Debug|Any CPU.Build.0 = Debug|Any CPU
	EndGlobalSection
	GlobalSection(SolutionProperties) = preSolution
		HideSolutionNode = FALSE
	EndGlobalSection
EndGlobal
